
Microsoft Visual Studio Solution File, Format Version 12.00
# Visual Studio Version 16
VisualStudioVersion = 16.0.810.8
MinimumVisualStudioVersion = 10.0.40219.1
Project("{FAE04EC0-301F-11D3-BF4B-00C04F79EFBC}") = "Activity11_RollDice", "Activity11_RollDice\Activity11_RollDice.csproj", "{ED5F50A3-5890-4475-86DC-B8F80DBAB04B}"
EndProject
Global
	GlobalSection(SolutionConfigurationPlatforms) = preSolution
		Debug|anycpu = Debug|anycpu
		Release|anycpu = Release|anycpu
	EndGlobalSection
	GlobalSection(ProjectConfigurationPlatforms) = postSolution
		{ED5F50A3-5890-4475-86DC-B8F80DBAB04B}.Debug|anycpu.ActiveCfg = Debug|anycpu
		{ED5F50A3-5890-4475-86DC-B8F80DBAB04B}.Debug|anycpu.Build.0 = Debug|anycpu
		{ED5F50A3-5890-4475-86DC-B8F80DBAB04B}.Release|anycpu.ActiveCfg = Release|anycpu
		{ED5F50A3-5890-4475-86DC-B8F80DBAB04B}.Release|anycpu.Build.0 = Release|anycpu
	EndGlobalSection
	GlobalSection(SolutionProperties) = preSolution
		HideSolutionNode = FALSE
	EndGlobalSection
	GlobalSection(ExtensibilityGlobals) = postSolution
		SolutionGuid = {B49E616D-7E9D-422F-A179-AFCFCB51DE37}
	EndGlobalSection
EndGlobal
