
Microsoft Visual Studio Solution File, Format Version 12.00
# Visual Studio Version 16
VisualStudioVersion = 16.0.31605.320
MinimumVisualStudioVersion = 10.0.40219.1
Project("{9A19103F-16F7-4668-BE54-9A1E7A4F7556}") = "Activity6_Files", "Activity6_Files.csproj", "{C2AB16E0-1724-4D8B-B646-28E508FF4971}"
EndProject
Global
	GlobalSection(SolutionConfigurationPlatforms) = preSolution
		Debug|Any CPU = Debug|Any CPU
		Release|Any CPU = Release|Any CPU
	EndGlobalSection
	GlobalSection(ProjectConfigurationPlatforms) = postSolution
		{C2AB16E0-1724-4D8B-B646-28E508FF4971}.Debug|Any CPU.ActiveCfg = Debug|Any CPU
		{C2AB16E0-1724-4D8B-B646-28E508FF4971}.Debug|Any CPU.Build.0 = Debug|Any CPU
		{C2AB16E0-1724-4D8B-B646-28E508FF4971}.Release|Any CPU.ActiveCfg = Release|Any CPU
		{C2AB16E0-1724-4D8B-B646-28E508FF4971}.Release|Any CPU.Build.0 = Release|Any CPU
	EndGlobalSection
	GlobalSection(SolutionProperties) = preSolution
		HideSolutionNode = FALSE
	EndGlobalSection
	GlobalSection(ExtensibilityGlobals) = postSolution
		SolutionGuid = {74FEBA98-7B43-49A0-95DF-0726D30CCAE9}
	EndGlobalSection
EndGlobal
