
Microsoft Visual Studio Solution File, Format Version 12.00
# Visual Studio Version 16
VisualStudioVersion = 16.0.810.8
MinimumVisualStudioVersion = 10.0.40219.1
Project("{FAE04EC0-301F-11D3-BF4B-00C04F79EFBC}") = "Activity9_Stubs", "Activity9_Stubs\Activity9_Stubs.csproj", "{16C871F5-9381-4662-B470-21C3425EADCF}"
EndProject
Global
	GlobalSection(SolutionConfigurationPlatforms) = preSolution
		Debug|anycpu = Debug|anycpu
		Release|anycpu = Release|anycpu
	EndGlobalSection
	GlobalSection(ProjectConfigurationPlatforms) = postSolution
		{16C871F5-9381-4662-B470-21C3425EADCF}.Debug|anycpu.ActiveCfg = Debug|anycpu
		{16C871F5-9381-4662-B470-21C3425EADCF}.Debug|anycpu.Build.0 = Debug|anycpu
		{16C871F5-9381-4662-B470-21C3425EADCF}.Release|anycpu.ActiveCfg = Release|anycpu
		{16C871F5-9381-4662-B470-21C3425EADCF}.Release|anycpu.Build.0 = Release|anycpu
	EndGlobalSection
	GlobalSection(SolutionProperties) = preSolution
		HideSolutionNode = FALSE
	EndGlobalSection
	GlobalSection(ExtensibilityGlobals) = postSolution
		SolutionGuid = {2E6C0293-62F1-4111-92AB-B5BBDD5315CA}
	EndGlobalSection
EndGlobal
