
Microsoft Visual Studio Solution File, Format Version 12.00
# Visual Studio Version 16
VisualStudioVersion = 16.0.810.8
MinimumVisualStudioVersion = 10.0.40219.1
Project("{FAE04EC0-301F-11D3-BF4B-00C04F79EFBC}") = "Activity10_Breakpoints", "Activity10_Breakpoints\Activity10_Breakpoints.csproj", "{770C2F8E-5FA0-4393-895E-B91C6F0503F4}"
EndProject
Project("{2150E333-8FDC-42A3-9474-1A3956D46DE8}") = "Solution Items", "Solution Items", "{A61EF277-6485-4AB8-9427-2E7AC314F043}"
EndProject
Global
	GlobalSection(SolutionConfigurationPlatforms) = preSolution
		Debug|anycpu = Debug|anycpu
		Release|anycpu = Release|anycpu
	EndGlobalSection
	GlobalSection(ProjectConfigurationPlatforms) = postSolution
		{770C2F8E-5FA0-4393-895E-B91C6F0503F4}.Debug|anycpu.ActiveCfg = Debug|anycpu
		{770C2F8E-5FA0-4393-895E-B91C6F0503F4}.Debug|anycpu.Build.0 = Debug|anycpu
		{770C2F8E-5FA0-4393-895E-B91C6F0503F4}.Release|anycpu.ActiveCfg = Release|anycpu
		{770C2F8E-5FA0-4393-895E-B91C6F0503F4}.Release|anycpu.Build.0 = Release|anycpu
	EndGlobalSection
	GlobalSection(SolutionProperties) = preSolution
		HideSolutionNode = FALSE
	EndGlobalSection
	GlobalSection(ExtensibilityGlobals) = postSolution
		SolutionGuid = {6E5BAE36-E04B-462E-9F3F-471670488B8E}
	EndGlobalSection
EndGlobal
